
Microsoft Visual Studio Solution File, Format Version 12.00
# Visual Studio Version 17
VisualStudioVersion = 17.7.34221.43
MinimumVisualStudioVersion = 10.0.40219.1
Project("{9A19103F-16F7-4668-BE54-9A1E7A4F7556}") = "StreamingApp.InfraStructure", "StreamingApp.InfraStructure\StreamingApp.InfraStructure.csproj", "{DCAC3907-68E8-450B-A3A3-5F19386E6F68}"
EndProject
Project("{9A19103F-16F7-4668-BE54-9A1E7A4F7556}") = "StreamingApp.Domain", "StreamingApp.Domain\StreamingApp.Domain.csproj", "{E6DFDAA8-28FD-456C-ABDE-BCE512D3C579}"
EndProject
Project("{9A19103F-16F7-4668-BE54-9A1E7A4F7556}") = "StreamingApp.Console", "StreamingApp.Console\StreamingApp.Console.csproj", "{CCA4CBB3-0259-4DB2-A16E-8D74EA16AD87}"
EndProject
Project("{FAE04EC0-301F-11D3-BF4B-00C04F79EFBC}") = "StreamingApp.UWP", "StreaminApp1.UWP\StreamingApp.UWP.csproj", "{4D1EA9A8-6B16-4EA2-960D-56DE0AF38BBB}"
EndProject
Global
	GlobalSection(SolutionConfigurationPlatforms) = preSolution
		Debug|Any CPU = Debug|Any CPU
		Debug|ARM = Debug|ARM
		Debug|ARM64 = Debug|ARM64
		Debug|x64 = Debug|x64
		Debug|x86 = Debug|x86
		Release|Any CPU = Release|Any CPU
		Release|ARM = Release|ARM
		Release|ARM64 = Release|ARM64
		Release|x64 = Release|x64
		Release|x86 = Release|x86
	EndGlobalSection
	GlobalSection(ProjectConfigurationPlatforms) = postSolution
		{DCAC3907-68E8-450B-A3A3-5F19386E6F68}.Debug|Any CPU.ActiveCfg = Debug|Any CPU
		{DCAC3907-68E8-450B-A3A3-5F19386E6F68}.Debug|Any CPU.Build.0 = Debug|Any CPU
		{DCAC3907-68E8-450B-A3A3-5F19386E6F68}.Debug|ARM.ActiveCfg = Debug|Any CPU
		{DCAC3907-68E8-450B-A3A3-5F19386E6F68}.Debug|ARM.Build.0 = Debug|Any CPU
		{DCAC3907-68E8-450B-A3A3-5F19386E6F68}.Debug|ARM64.ActiveCfg = Debug|Any CPU
		{DCAC3907-68E8-450B-A3A3-5F19386E6F68}.Debug|ARM64.Build.0 = Debug|Any CPU
		{DCAC3907-68E8-450B-A3A3-5F19386E6F68}.Debug|x64.ActiveCfg = Debug|Any CPU
		{DCAC3907-68E8-450B-A3A3-5F19386E6F68}.Debug|x64.Build.0 = Debug|Any CPU
		{DCAC3907-68E8-450B-A3A3-5F19386E6F68}.Debug|x86.ActiveCfg = Debug|Any CPU
		{DCAC3907-68E8-450B-A3A3-5F19386E6F68}.Debug|x86.Build.0 = Debug|Any CPU
		{DCAC3907-68E8-450B-A3A3-5F19386E6F68}.Release|Any CPU.ActiveCfg = Release|Any CPU
		{DCAC3907-68E8-450B-A3A3-5F19386E6F68}.Release|Any CPU.Build.0 = Release|Any CPU
		{DCAC3907-68E8-450B-A3A3-5F19386E6F68}.Release|ARM.ActiveCfg = Release|Any CPU
		{DCAC3907-68E8-450B-A3A3-5F19386E6F68}.Release|ARM.Build.0 = Release|Any CPU
		{DCAC3907-68E8-450B-A3A3-5F19386E6F68}.Release|ARM64.ActiveCfg = Release|Any CPU
		{DCAC3907-68E8-450B-A3A3-5F19386E6F68}.Release|ARM64.Build.0 = Release|Any CPU
		{DCAC3907-68E8-450B-A3A3-5F19386E6F68}.Release|x64.ActiveCfg = Release|Any CPU
		{DCAC3907-68E8-450B-A3A3-5F19386E6F68}.Release|x64.Build.0 = Release|Any CPU
		{DCAC3907-68E8-450B-A3A3-5F19386E6F68}.Release|x86.ActiveCfg = Release|Any CPU
		{DCAC3907-68E8-450B-A3A3-5F19386E6F68}.Release|x86.Build.0 = Release|Any CPU
		{E6DFDAA8-28FD-456C-ABDE-BCE512D3C579}.Debug|Any CPU.ActiveCfg = Debug|Any CPU
		{E6DFDAA8-28FD-456C-ABDE-BCE512D3C579}.Debug|Any CPU.Build.0 = Debug|Any CPU
		{E6DFDAA8-28FD-456C-ABDE-BCE512D3C579}.Debug|ARM.ActiveCfg = Debug|Any CPU
		{E6DFDAA8-28FD-456C-ABDE-BCE512D3C579}.Debug|ARM.Build.0 = Debug|Any CPU
		{E6DFDAA8-28FD-456C-ABDE-BCE512D3C579}.Debug|ARM64.ActiveCfg = Debug|Any CPU
		{E6DFDAA8-28FD-456C-ABDE-BCE512D3C579}.Debug|ARM64.Build.0 = Debug|Any CPU
		{E6DFDAA8-28FD-456C-ABDE-BCE512D3C579}.Debug|x64.ActiveCfg = Debug|Any CPU
		{E6DFDAA8-28FD-456C-ABDE-BCE512D3C579}.Debug|x64.Build.0 = Debug|Any CPU
		{E6DFDAA8-28FD-456C-ABDE-BCE512D3C579}.Debug|x86.ActiveCfg = Debug|Any CPU
		{E6DFDAA8-28FD-456C-ABDE-BCE512D3C579}.Debug|x86.Build.0 = Debug|Any CPU
		{E6DFDAA8-28FD-456C-ABDE-BCE512D3C579}.Release|Any CPU.ActiveCfg = Release|Any CPU
		{E6DFDAA8-28FD-456C-ABDE-BCE512D3C579}.Release|Any CPU.Build.0 = Release|Any CPU
		{E6DFDAA8-28FD-456C-ABDE-BCE512D3C579}.Release|ARM.ActiveCfg = Release|Any CPU
		{E6DFDAA8-28FD-456C-ABDE-BCE512D3C579}.Release|ARM.Build.0 = Release|Any CPU
		{E6DFDAA8-28FD-456C-ABDE-BCE512D3C579}.Release|ARM64.ActiveCfg = Release|Any CPU
		{E6DFDAA8-28FD-456C-ABDE-BCE512D3C579}.Release|ARM64.Build.0 = Release|Any CPU
		{E6DFDAA8-28FD-456C-ABDE-BCE512D3C579}.Release|x64.ActiveCfg = Release|Any CPU
		{E6DFDAA8-28FD-456C-ABDE-BCE512D3C579}.Release|x64.Build.0 = Release|Any CPU
		{E6DFDAA8-28FD-456C-ABDE-BCE512D3C579}.Release|x86.ActiveCfg = Release|Any CPU
		{E6DFDAA8-28FD-456C-ABDE-BCE512D3C579}.Release|x86.Build.0 = Release|Any CPU
		{CCA4CBB3-0259-4DB2-A16E-8D74EA16AD87}.Debug|Any CPU.ActiveCfg = Debug|Any CPU
		{CCA4CBB3-0259-4DB2-A16E-8D74EA16AD87}.Debug|Any CPU.Build.0 = Debug|Any CPU
		{CCA4CBB3-0259-4DB2-A16E-8D74EA16AD87}.Debug|ARM.ActiveCfg = Debug|Any CPU
		{CCA4CBB3-0259-4DB2-A16E-8D74EA16AD87}.Debug|ARM.Build.0 = Debug|Any CPU
		{CCA4CBB3-0259-4DB2-A16E-8D74EA16AD87}.Debug|ARM64.ActiveCfg = Debug|Any CPU
		{CCA4CBB3-0259-4DB2-A16E-8D74EA16AD87}.Debug|ARM64.Build.0 = Debug|Any CPU
		{CCA4CBB3-0259-4DB2-A16E-8D74EA16AD87}.Debug|x64.ActiveCfg = Debug|Any CPU
		{CCA4CBB3-0259-4DB2-A16E-8D74EA16AD87}.Debug|x64.Build.0 = Debug|Any CPU
		{CCA4CBB3-0259-4DB2-A16E-8D74EA16AD87}.Debug|x86.ActiveCfg = Debug|Any CPU
		{CCA4CBB3-0259-4DB2-A16E-8D74EA16AD87}.Debug|x86.Build.0 = Debug|Any CPU
		{CCA4CBB3-0259-4DB2-A16E-8D74EA16AD87}.Release|Any CPU.ActiveCfg = Release|Any CPU
		{CCA4CBB3-0259-4DB2-A16E-8D74EA16AD87}.Release|Any CPU.Build.0 = Release|Any CPU
		{CCA4CBB3-0259-4DB2-A16E-8D74EA16AD87}.Release|ARM.ActiveCfg = Release|Any CPU
		{CCA4CBB3-0259-4DB2-A16E-8D74EA16AD87}.Release|ARM.Build.0 = Release|Any CPU
		{CCA4CBB3-0259-4DB2-A16E-8D74EA16AD87}.Release|ARM64.ActiveCfg = Release|Any CPU
		{CCA4CBB3-0259-4DB2-A16E-8D74EA16AD87}.Release|ARM64.Build.0 = Release|Any CPU
		{CCA4CBB3-0259-4DB2-A16E-8D74EA16AD87}.Release|x64.ActiveCfg = Release|Any CPU
		{CCA4CBB3-0259-4DB2-A16E-8D74EA16AD87}.Release|x64.Build.0 = Release|Any CPU
		{CCA4CBB3-0259-4DB2-A16E-8D74EA16AD87}.Release|x86.ActiveCfg = Release|Any CPU
		{CCA4CBB3-0259-4DB2-A16E-8D74EA16AD87}.Release|x86.Build.0 = Release|Any CPU
		{4D1EA9A8-6B16-4EA2-960D-56DE0AF38BBB}.Debug|Any CPU.ActiveCfg = Debug|x64
		{4D1EA9A8-6B16-4EA2-960D-56DE0AF38BBB}.Debug|Any CPU.Build.0 = Debug|x64
		{4D1EA9A8-6B16-4EA2-960D-56DE0AF38BBB}.Debug|Any CPU.Deploy.0 = Debug|x64
		{4D1EA9A8-6B16-4EA2-960D-56DE0AF38BBB}.Debug|ARM.ActiveCfg = Debug|ARM
		{4D1EA9A8-6B16-4EA2-960D-56DE0AF38BBB}.Debug|ARM.Build.0 = Debug|ARM
		{4D1EA9A8-6B16-4EA2-960D-56DE0AF38BBB}.Debug|ARM.Deploy.0 = Debug|ARM
		{4D1EA9A8-6B16-4EA2-960D-56DE0AF38BBB}.Debug|ARM64.ActiveCfg = Debug|ARM64
		{4D1EA9A8-6B16-4EA2-960D-56DE0AF38BBB}.Debug|ARM64.Build.0 = Debug|ARM64
		{4D1EA9A8-6B16-4EA2-960D-56DE0AF38BBB}.Debug|ARM64.Deploy.0 = Debug|ARM64
		{4D1EA9A8-6B16-4EA2-960D-56DE0AF38BBB}.Debug|x64.ActiveCfg = Debug|x64
		{4D1EA9A8-6B16-4EA2-960D-56DE0AF38BBB}.Debug|x64.Build.0 = Debug|x64
		{4D1EA9A8-6B16-4EA2-960D-56DE0AF38BBB}.Debug|x64.Deploy.0 = Debug|x64
		{4D1EA9A8-6B16-4EA2-960D-56DE0AF38BBB}.Debug|x86.ActiveCfg = Debug|x86
		{4D1EA9A8-6B16-4EA2-960D-56DE0AF38BBB}.Debug|x86.Build.0 = Debug|x86
		{4D1EA9A8-6B16-4EA2-960D-56DE0AF38BBB}.Debug|x86.Deploy.0 = Debug|x86
		{4D1EA9A8-6B16-4EA2-960D-56DE0AF38BBB}.Release|Any CPU.ActiveCfg = Release|x64
		{4D1EA9A8-6B16-4EA2-960D-56DE0AF38BBB}.Release|Any CPU.Build.0 = Release|x64
		{4D1EA9A8-6B16-4EA2-960D-56DE0AF38BBB}.Release|Any CPU.Deploy.0 = Release|x64
		{4D1EA9A8-6B16-4EA2-960D-56DE0AF38BBB}.Release|ARM.ActiveCfg = Release|ARM
		{4D1EA9A8-6B16-4EA2-960D-56DE0AF38BBB}.Release|ARM.Build.0 = Release|ARM
		{4D1EA9A8-6B16-4EA2-960D-56DE0AF38BBB}.Release|ARM.Deploy.0 = Release|ARM
		{4D1EA9A8-6B16-4EA2-960D-56DE0AF38BBB}.Release|ARM64.ActiveCfg = Release|ARM64
		{4D1EA9A8-6B16-4EA2-960D-56DE0AF38BBB}.Release|ARM64.Build.0 = Release|ARM64
		{4D1EA9A8-6B16-4EA2-960D-56DE0AF38BBB}.Release|ARM64.Deploy.0 = Release|ARM64
		{4D1EA9A8-6B16-4EA2-960D-56DE0AF38BBB}.Release|x64.ActiveCfg = Release|x64
		{4D1EA9A8-6B16-4EA2-960D-56DE0AF38BBB}.Release|x64.Build.0 = Release|x64
		{4D1EA9A8-6B16-4EA2-960D-56DE0AF38BBB}.Release|x64.Deploy.0 = Release|x64
		{4D1EA9A8-6B16-4EA2-960D-56DE0AF38BBB}.Release|x86.ActiveCfg = Release|x86
		{4D1EA9A8-6B16-4EA2-960D-56DE0AF38BBB}.Release|x86.Build.0 = Release|x86
		{4D1EA9A8-6B16-4EA2-960D-56DE0AF38BBB}.Release|x86.Deploy.0 = Release|x86
	EndGlobalSection
	GlobalSection(SolutionProperties) = preSolution
		HideSolutionNode = FALSE
	EndGlobalSection
	GlobalSection(ExtensibilityGlobals) = postSolution
		SolutionGuid = {5047ACAA-8D31-4322-B5F5-753EE0E3FC37}
	EndGlobalSection
EndGlobal
